
Microsoft Visual Studio Solution File, Format Version 12.00
Project("{FAE04EC0-301F-11D3-BF4B-00C04F79EFBC}") = "EaterClone", "EaterClone\EaterClone.csproj", "{6EAC8984-0652-461D-AD03-3443BF4AD896}"
EndProject
Global
	GlobalSection(SolutionConfigurationPlatforms) = preSolution
		Debug|Any CPU = Debug|Any CPU
		Release|Any CPU = Release|Any CPU
	EndGlobalSection
	GlobalSection(ProjectConfigurationPlatforms) = postSolution
		{6EAC8984-0652-461D-AD03-3443BF4AD896}.Debug|Any CPU.ActiveCfg = Debug|Any CPU
		{6EAC8984-0652-461D-AD03-3443BF4AD896}.Debug|Any CPU.Build.0 = Debug|Any CPU
		{6EAC8984-0652-461D-AD03-3443BF4AD896}.Release|Any CPU.ActiveCfg = Release|Any CPU
		{6EAC8984-0652-461D-AD03-3443BF4AD896}.Release|Any CPU.Build.0 = Release|Any CPU
	EndGlobalSection
EndGlobal
